
Microsoft Visual Studio Solution File, Format Version 12.00
# Visual Studio Version 16
VisualStudioVersion = 16.0.32106.194
MinimumVisualStudioVersion = 10.0.40219.1
Project("{FAE04EC0-301F-11D3-BF4B-00C04F79EFBC}") = "NGO", "NGO\NGO.csproj", "{DA940710-0834-4421-A96C-A1E744443329}"
EndProject
Global
	GlobalSection(SolutionConfigurationPlatforms) = preSolution
		Debug|Any CPU = Debug|Any CPU
		Release|Any CPU = Release|Any CPU
	EndGlobalSection
	GlobalSection(ProjectConfigurationPlatforms) = postSolution
		{DA940710-0834-4421-A96C-A1E744443329}.Debug|Any CPU.ActiveCfg = Debug|Any CPU
		{DA940710-0834-4421-A96C-A1E744443329}.Debug|Any CPU.Build.0 = Debug|Any CPU
		{DA940710-0834-4421-A96C-A1E744443329}.Release|Any CPU.ActiveCfg = Release|Any CPU
		{DA940710-0834-4421-A96C-A1E744443329}.Release|Any CPU.Build.0 = Release|Any CPU
	EndGlobalSection
	GlobalSection(SolutionProperties) = preSolution
		HideSolutionNode = FALSE
	EndGlobalSection
	GlobalSection(ExtensibilityGlobals) = postSolution
		SolutionGuid = {47F573F2-23AF-4958-96C7-29337C6FB4BE}
	EndGlobalSection
EndGlobal
